
Microsoft Visual Studio Solution File, Format Version 12.00
# Visual Studio Version 17
VisualStudioVersion = 17.2.32630.192
MinimumVisualStudioVersion = 10.0.40219.1
Project("{FAE04EC0-301F-11D3-BF4B-00C04F79EFBC}") = "AllProjects", "AllProjects\AllProjects.csproj", "{D8E45E5B-D5C1-4E56-8FA7-6DF6B4DFBE46}"
EndProject
Global
	GlobalSection(SolutionConfigurationPlatforms) = preSolution
		Debug|Any CPU = Debug|Any CPU
		Release|Any CPU = Release|Any CPU
	EndGlobalSection
	GlobalSection(ProjectConfigurationPlatforms) = postSolution
		{D8E45E5B-D5C1-4E56-8FA7-6DF6B4DFBE46}.Debug|Any CPU.ActiveCfg = Debug|Any CPU
		{D8E45E5B-D5C1-4E56-8FA7-6DF6B4DFBE46}.Debug|Any CPU.Build.0 = Debug|Any CPU
		{D8E45E5B-D5C1-4E56-8FA7-6DF6B4DFBE46}.Release|Any CPU.ActiveCfg = Release|Any CPU
		{D8E45E5B-D5C1-4E56-8FA7-6DF6B4DFBE46}.Release|Any CPU.Build.0 = Release|Any CPU
	EndGlobalSection
	GlobalSection(SolutionProperties) = preSolution
		HideSolutionNode = FALSE
	EndGlobalSection
	GlobalSection(ExtensibilityGlobals) = postSolution
		SolutionGuid = {A1D7C2CE-5724-4A87-86B0-0A09592A8BE9}
	EndGlobalSection
EndGlobal
